
Microsoft Visual Studio Solution File, Format Version 12.00
# Visual Studio Version 17
VisualStudioVersion = 17.3.32804.467
MinimumVisualStudioVersion = 10.0.40219.1
Project("{FAE04EC0-301F-11D3-BF4B-00C04F79EFBC}") = "DI_Container", "DI_Container\DI_Container.csproj", "{452FC968-FA0D-4F20-9AD2-34A4A0E62B5D}"
EndProject
Global
	GlobalSection(SolutionConfigurationPlatforms) = preSolution
		Debug|Any CPU = Debug|Any CPU
		Release|Any CPU = Release|Any CPU
	EndGlobalSection
	GlobalSection(ProjectConfigurationPlatforms) = postSolution
		{452FC968-FA0D-4F20-9AD2-34A4A0E62B5D}.Debug|Any CPU.ActiveCfg = Debug|Any CPU
		{452FC968-FA0D-4F20-9AD2-34A4A0E62B5D}.Debug|Any CPU.Build.0 = Debug|Any CPU
		{452FC968-FA0D-4F20-9AD2-34A4A0E62B5D}.Release|Any CPU.ActiveCfg = Release|Any CPU
		{452FC968-FA0D-4F20-9AD2-34A4A0E62B5D}.Release|Any CPU.Build.0 = Release|Any CPU
	EndGlobalSection
	GlobalSection(SolutionProperties) = preSolution
		HideSolutionNode = FALSE
	EndGlobalSection
	GlobalSection(ExtensibilityGlobals) = postSolution
		SolutionGuid = {F0718C9B-5E62-4412-91C9-F9956F08772F}
	EndGlobalSection
EndGlobal
